
Microsoft Visual Studio Solution File, Format Version 12.00
# Visual Studio Version 17
VisualStudioVersion = 17.2.32526.322
MinimumVisualStudioVersion = 10.0.40219.1
Project("{FAE04EC0-301F-11D3-BF4B-00C04F79EFBC}") = "ejercicio_asp_javier", "ejercicio_asp_javier\ejercicio_asp_javier.csproj", "{1CDE7BE8-DC57-4326-8358-7C686B16FD20}"
EndProject
Global
	GlobalSection(SolutionConfigurationPlatforms) = preSolution
		Debug|Any CPU = Debug|Any CPU
		Release|Any CPU = Release|Any CPU
	EndGlobalSection
	GlobalSection(ProjectConfigurationPlatforms) = postSolution
		{1CDE7BE8-DC57-4326-8358-7C686B16FD20}.Debug|Any CPU.ActiveCfg = Debug|Any CPU
		{1CDE7BE8-DC57-4326-8358-7C686B16FD20}.Debug|Any CPU.Build.0 = Debug|Any CPU
		{1CDE7BE8-DC57-4326-8358-7C686B16FD20}.Release|Any CPU.ActiveCfg = Release|Any CPU
		{1CDE7BE8-DC57-4326-8358-7C686B16FD20}.Release|Any CPU.Build.0 = Release|Any CPU
	EndGlobalSection
	GlobalSection(SolutionProperties) = preSolution
		HideSolutionNode = FALSE
	EndGlobalSection
	GlobalSection(ExtensibilityGlobals) = postSolution
		SolutionGuid = {CF7A3FFD-2676-4105-A548-10DB447C5BB8}
	EndGlobalSection
EndGlobal
